
Microsoft Visual Studio Solution File, Format Version 12.00
# Visual Studio Version 17
VisualStudioVersion = 17.13.35828.75 d17.13
MinimumVisualStudioVersion = 10.0.40219.1
Project("{FAE04EC0-301F-11D3-BF4B-00C04F79EFBC}") = "PL", "PL\PL.csproj", "{BC3BCE48-A97F-43ED-B580-8A34333A58FE}"
EndProject
Global
	GlobalSection(SolutionConfigurationPlatforms) = preSolution
		Debug|Any CPU = Debug|Any CPU
		Release|Any CPU = Release|Any CPU
	EndGlobalSection
	GlobalSection(ProjectConfigurationPlatforms) = postSolution
		{BC3BCE48-A97F-43ED-B580-8A34333A58FE}.Debug|Any CPU.ActiveCfg = Debug|Any CPU
		{BC3BCE48-A97F-43ED-B580-8A34333A58FE}.Debug|Any CPU.Build.0 = Debug|Any CPU
		{BC3BCE48-A97F-43ED-B580-8A34333A58FE}.Release|Any CPU.ActiveCfg = Release|Any CPU
		{BC3BCE48-A97F-43ED-B580-8A34333A58FE}.Release|Any CPU.Build.0 = Release|Any CPU
	EndGlobalSection
	GlobalSection(SolutionProperties) = preSolution
		HideSolutionNode = FALSE
	EndGlobalSection
	GlobalSection(ExtensibilityGlobals) = postSolution
		SolutionGuid = {4246F40F-C2E3-4180-AD05-431A743B6ED9}
	EndGlobalSection
EndGlobal
